
Microsoft Visual Studio Solution File, Format Version 12.00
# Visual Studio Version 16
VisualStudioVersion = 16.0.30114.105
MinimumVisualStudioVersion = 10.0.40219.1
Project("{2150E333-8FDC-42A3-9474-1A3956D46DE8}") = "ApiResource", "ApiResource", "{7187F738-4503-46F7-8D5F-8CA4EDF86DB9}"
EndProject
Project("{2150E333-8FDC-42A3-9474-1A3956D46DE8}") = "GrantClient", "GrantClient", "{E856FC80-AC5F-47CD-84B5-DE0062F2B1EC}"
EndProject
Project("{9A19103F-16F7-4668-BE54-9A1E7A4F7556}") = "IdentityServer4.Authentication", "IdentityServer4.Authentication\IdentityServer4.Authentication.csproj", "{25CB71A6-38D6-4BB0-8D8B-0C2A8107BF23}"
EndProject
Project("{9A19103F-16F7-4668-BE54-9A1E7A4F7556}") = "ProductApiResource", "ApiResource\ProductApiResource\ProductApiResource.csproj", "{58B2D100-C640-48B4-B88A-6E91FABBD8CD}"
EndProject
Project("{9A19103F-16F7-4668-BE54-9A1E7A4F7556}") = "UserApiResource", "ApiResource\UserApiResource\UserApiResource.csproj", "{7E83A3E6-9FE8-4EA2-B601-94F976D7F22A}"
EndProject
Project("{9A19103F-16F7-4668-BE54-9A1E7A4F7556}") = "AuthorizationCode", "GrantClient\AuthorizationCode\AuthorizationCode.csproj", "{578D814F-13C5-4363-BA21-7CD856A79030}"
EndProject
Project("{9A19103F-16F7-4668-BE54-9A1E7A4F7556}") = "ClientCredentials", "GrantClient\ClientCredentials\ClientCredentials.csproj", "{028A9956-A595-4A5A-A248-9A46B7EFA920}"
EndProject
Project("{9A19103F-16F7-4668-BE54-9A1E7A4F7556}") = "Hybrid", "GrantClient\Hybrid\Hybrid.csproj", "{C9AE394C-06DF-4CA5-AD56-B9F5B4291B0A}"
EndProject
Project("{9A19103F-16F7-4668-BE54-9A1E7A4F7556}") = "Implicit", "GrantClient\Implicit\Implicit.csproj", "{742029DD-952D-4168-9A52-D36BEABE30F9}"
EndProject
Project("{9A19103F-16F7-4668-BE54-9A1E7A4F7556}") = "ResourceOwnerPasswordCredentials", "GrantClient\ResourceOwnerPasswordCredentials\ResourceOwnerPasswordCredentials.csproj", "{504852F4-314A-4107-8C88-EE770EFE5B24}"
EndProject
Project("{9A19103F-16F7-4668-BE54-9A1E7A4F7556}") = "IdentityServer4.Persistence", "IdentityServer4.Persistence\IdentityServer4.Persistence.csproj", "{0DB72D6D-0F7D-4849-8A52-E639CE9EF59A}"
EndProject
Project("{2150E333-8FDC-42A3-9474-1A3956D46DE8}") = "Solution Items", "Solution Items", "{1EE2D5D6-ED43-42CC-82C8-2AB0869BB951}"
	ProjectSection(SolutionItems) = preProject
		ConnectionString.txt = ConnectionString.txt
	EndProjectSection
EndProject
Global
	GlobalSection(SolutionConfigurationPlatforms) = preSolution
		Debug|Any CPU = Debug|Any CPU
		Debug|x64 = Debug|x64
		Debug|x86 = Debug|x86
		Release|Any CPU = Release|Any CPU
		Release|x64 = Release|x64
		Release|x86 = Release|x86
	EndGlobalSection
	GlobalSection(ProjectConfigurationPlatforms) = postSolution
		{25CB71A6-38D6-4BB0-8D8B-0C2A8107BF23}.Debug|Any CPU.ActiveCfg = Debug|Any CPU
		{25CB71A6-38D6-4BB0-8D8B-0C2A8107BF23}.Debug|Any CPU.Build.0 = Debug|Any CPU
		{25CB71A6-38D6-4BB0-8D8B-0C2A8107BF23}.Debug|x64.ActiveCfg = Debug|Any CPU
		{25CB71A6-38D6-4BB0-8D8B-0C2A8107BF23}.Debug|x64.Build.0 = Debug|Any CPU
		{25CB71A6-38D6-4BB0-8D8B-0C2A8107BF23}.Debug|x86.ActiveCfg = Debug|Any CPU
		{25CB71A6-38D6-4BB0-8D8B-0C2A8107BF23}.Debug|x86.Build.0 = Debug|Any CPU
		{25CB71A6-38D6-4BB0-8D8B-0C2A8107BF23}.Release|Any CPU.ActiveCfg = Release|Any CPU
		{25CB71A6-38D6-4BB0-8D8B-0C2A8107BF23}.Release|Any CPU.Build.0 = Release|Any CPU
		{25CB71A6-38D6-4BB0-8D8B-0C2A8107BF23}.Release|x64.ActiveCfg = Release|Any CPU
		{25CB71A6-38D6-4BB0-8D8B-0C2A8107BF23}.Release|x64.Build.0 = Release|Any CPU
		{25CB71A6-38D6-4BB0-8D8B-0C2A8107BF23}.Release|x86.ActiveCfg = Release|Any CPU
		{25CB71A6-38D6-4BB0-8D8B-0C2A8107BF23}.Release|x86.Build.0 = Release|Any CPU
		{58B2D100-C640-48B4-B88A-6E91FABBD8CD}.Debug|Any CPU.ActiveCfg = Debug|Any CPU
		{58B2D100-C640-48B4-B88A-6E91FABBD8CD}.Debug|Any CPU.Build.0 = Debug|Any CPU
		{58B2D100-C640-48B4-B88A-6E91FABBD8CD}.Debug|x64.ActiveCfg = Debug|Any CPU
		{58B2D100-C640-48B4-B88A-6E91FABBD8CD}.Debug|x64.Build.0 = Debug|Any CPU
		{58B2D100-C640-48B4-B88A-6E91FABBD8CD}.Debug|x86.ActiveCfg = Debug|Any CPU
		{58B2D100-C640-48B4-B88A-6E91FABBD8CD}.Debug|x86.Build.0 = Debug|Any CPU
		{58B2D100-C640-48B4-B88A-6E91FABBD8CD}.Release|Any CPU.ActiveCfg = Release|Any CPU
		{58B2D100-C640-48B4-B88A-6E91FABBD8CD}.Release|Any CPU.Build.0 = Release|Any CPU
		{58B2D100-C640-48B4-B88A-6E91FABBD8CD}.Release|x64.ActiveCfg = Release|Any CPU
		{58B2D100-C640-48B4-B88A-6E91FABBD8CD}.Release|x64.Build.0 = Release|Any CPU
		{58B2D100-C640-48B4-B88A-6E91FABBD8CD}.Release|x86.ActiveCfg = Release|Any CPU
		{58B2D100-C640-48B4-B88A-6E91FABBD8CD}.Release|x86.Build.0 = Release|Any CPU
		{7E83A3E6-9FE8-4EA2-B601-94F976D7F22A}.Debug|Any CPU.ActiveCfg = Debug|Any CPU
		{7E83A3E6-9FE8-4EA2-B601-94F976D7F22A}.Debug|Any CPU.Build.0 = Debug|Any CPU
		{7E83A3E6-9FE8-4EA2-B601-94F976D7F22A}.Debug|x64.ActiveCfg = Debug|Any CPU
		{7E83A3E6-9FE8-4EA2-B601-94F976D7F22A}.Debug|x64.Build.0 = Debug|Any CPU
		{7E83A3E6-9FE8-4EA2-B601-94F976D7F22A}.Debug|x86.ActiveCfg = Debug|Any CPU
		{7E83A3E6-9FE8-4EA2-B601-94F976D7F22A}.Debug|x86.Build.0 = Debug|Any CPU
		{7E83A3E6-9FE8-4EA2-B601-94F976D7F22A}.Release|Any CPU.ActiveCfg = Release|Any CPU
		{7E83A3E6-9FE8-4EA2-B601-94F976D7F22A}.Release|Any CPU.Build.0 = Release|Any CPU
		{7E83A3E6-9FE8-4EA2-B601-94F976D7F22A}.Release|x64.ActiveCfg = Release|Any CPU
		{7E83A3E6-9FE8-4EA2-B601-94F976D7F22A}.Release|x64.Build.0 = Release|Any CPU
		{7E83A3E6-9FE8-4EA2-B601-94F976D7F22A}.Release|x86.ActiveCfg = Release|Any CPU
		{7E83A3E6-9FE8-4EA2-B601-94F976D7F22A}.Release|x86.Build.0 = Release|Any CPU
		{578D814F-13C5-4363-BA21-7CD856A79030}.Debug|Any CPU.ActiveCfg = Debug|Any CPU
		{578D814F-13C5-4363-BA21-7CD856A79030}.Debug|Any CPU.Build.0 = Debug|Any CPU
		{578D814F-13C5-4363-BA21-7CD856A79030}.Debug|x64.ActiveCfg = Debug|Any CPU
		{578D814F-13C5-4363-BA21-7CD856A79030}.Debug|x64.Build.0 = Debug|Any CPU
		{578D814F-13C5-4363-BA21-7CD856A79030}.Debug|x86.ActiveCfg = Debug|Any CPU
		{578D814F-13C5-4363-BA21-7CD856A79030}.Debug|x86.Build.0 = Debug|Any CPU
		{578D814F-13C5-4363-BA21-7CD856A79030}.Release|Any CPU.ActiveCfg = Release|Any CPU
		{578D814F-13C5-4363-BA21-7CD856A79030}.Release|Any CPU.Build.0 = Release|Any CPU
		{578D814F-13C5-4363-BA21-7CD856A79030}.Release|x64.ActiveCfg = Release|Any CPU
		{578D814F-13C5-4363-BA21-7CD856A79030}.Release|x64.Build.0 = Release|Any CPU
		{578D814F-13C5-4363-BA21-7CD856A79030}.Release|x86.ActiveCfg = Release|Any CPU
		{578D814F-13C5-4363-BA21-7CD856A79030}.Release|x86.Build.0 = Release|Any CPU
		{028A9956-A595-4A5A-A248-9A46B7EFA920}.Debug|Any CPU.ActiveCfg = Debug|Any CPU
		{028A9956-A595-4A5A-A248-9A46B7EFA920}.Debug|Any CPU.Build.0 = Debug|Any CPU
		{028A9956-A595-4A5A-A248-9A46B7EFA920}.Debug|x64.ActiveCfg = Debug|Any CPU
		{028A9956-A595-4A5A-A248-9A46B7EFA920}.Debug|x64.Build.0 = Debug|Any CPU
		{028A9956-A595-4A5A-A248-9A46B7EFA920}.Debug|x86.ActiveCfg = Debug|Any CPU
		{028A9956-A595-4A5A-A248-9A46B7EFA920}.Debug|x86.Build.0 = Debug|Any CPU
		{028A9956-A595-4A5A-A248-9A46B7EFA920}.Release|Any CPU.ActiveCfg = Release|Any CPU
		{028A9956-A595-4A5A-A248-9A46B7EFA920}.Release|Any CPU.Build.0 = Release|Any CPU
		{028A9956-A595-4A5A-A248-9A46B7EFA920}.Release|x64.ActiveCfg = Release|Any CPU
		{028A9956-A595-4A5A-A248-9A46B7EFA920}.Release|x64.Build.0 = Release|Any CPU
		{028A9956-A595-4A5A-A248-9A46B7EFA920}.Release|x86.ActiveCfg = Release|Any CPU
		{028A9956-A595-4A5A-A248-9A46B7EFA920}.Release|x86.Build.0 = Release|Any CPU
		{C9AE394C-06DF-4CA5-AD56-B9F5B4291B0A}.Debug|Any CPU.ActiveCfg = Debug|Any CPU
		{C9AE394C-06DF-4CA5-AD56-B9F5B4291B0A}.Debug|Any CPU.Build.0 = Debug|Any CPU
		{C9AE394C-06DF-4CA5-AD56-B9F5B4291B0A}.Debug|x64.ActiveCfg = Debug|Any CPU
		{C9AE394C-06DF-4CA5-AD56-B9F5B4291B0A}.Debug|x64.Build.0 = Debug|Any CPU
		{C9AE394C-06DF-4CA5-AD56-B9F5B4291B0A}.Debug|x86.ActiveCfg = Debug|Any CPU
		{C9AE394C-06DF-4CA5-AD56-B9F5B4291B0A}.Debug|x86.Build.0 = Debug|Any CPU
		{C9AE394C-06DF-4CA5-AD56-B9F5B4291B0A}.Release|Any CPU.ActiveCfg = Release|Any CPU
		{C9AE394C-06DF-4CA5-AD56-B9F5B4291B0A}.Release|Any CPU.Build.0 = Release|Any CPU
		{C9AE394C-06DF-4CA5-AD56-B9F5B4291B0A}.Release|x64.ActiveCfg = Release|Any CPU
		{C9AE394C-06DF-4CA5-AD56-B9F5B4291B0A}.Release|x64.Build.0 = Release|Any CPU
		{C9AE394C-06DF-4CA5-AD56-B9F5B4291B0A}.Release|x86.ActiveCfg = Release|Any CPU
		{C9AE394C-06DF-4CA5-AD56-B9F5B4291B0A}.Release|x86.Build.0 = Release|Any CPU
		{742029DD-952D-4168-9A52-D36BEABE30F9}.Debug|Any CPU.ActiveCfg = Debug|Any CPU
		{742029DD-952D-4168-9A52-D36BEABE30F9}.Debug|Any CPU.Build.0 = Debug|Any CPU
		{742029DD-952D-4168-9A52-D36BEABE30F9}.Debug|x64.ActiveCfg = Debug|Any CPU
		{742029DD-952D-4168-9A52-D36BEABE30F9}.Debug|x64.Build.0 = Debug|Any CPU
		{742029DD-952D-4168-9A52-D36BEABE30F9}.Debug|x86.ActiveCfg = Debug|Any CPU
		{742029DD-952D-4168-9A52-D36BEABE30F9}.Debug|x86.Build.0 = Debug|Any CPU
		{742029DD-952D-4168-9A52-D36BEABE30F9}.Release|Any CPU.ActiveCfg = Release|Any CPU
		{742029DD-952D-4168-9A52-D36BEABE30F9}.Release|Any CPU.Build.0 = Release|Any CPU
		{742029DD-952D-4168-9A52-D36BEABE30F9}.Release|x64.ActiveCfg = Release|Any CPU
		{742029DD-952D-4168-9A52-D36BEABE30F9}.Release|x64.Build.0 = Release|Any CPU
		{742029DD-952D-4168-9A52-D36BEABE30F9}.Release|x86.ActiveCfg = Release|Any CPU
		{742029DD-952D-4168-9A52-D36BEABE30F9}.Release|x86.Build.0 = Release|Any CPU
		{504852F4-314A-4107-8C88-EE770EFE5B24}.Debug|Any CPU.ActiveCfg = Debug|Any CPU
		{504852F4-314A-4107-8C88-EE770EFE5B24}.Debug|Any CPU.Build.0 = Debug|Any CPU
		{504852F4-314A-4107-8C88-EE770EFE5B24}.Debug|x64.ActiveCfg = Debug|Any CPU
		{504852F4-314A-4107-8C88-EE770EFE5B24}.Debug|x64.Build.0 = Debug|Any CPU
		{504852F4-314A-4107-8C88-EE770EFE5B24}.Debug|x86.ActiveCfg = Debug|Any CPU
		{504852F4-314A-4107-8C88-EE770EFE5B24}.Debug|x86.Build.0 = Debug|Any CPU
		{504852F4-314A-4107-8C88-EE770EFE5B24}.Release|Any CPU.ActiveCfg = Release|Any CPU
		{504852F4-314A-4107-8C88-EE770EFE5B24}.Release|Any CPU.Build.0 = Release|Any CPU
		{504852F4-314A-4107-8C88-EE770EFE5B24}.Release|x64.ActiveCfg = Release|Any CPU
		{504852F4-314A-4107-8C88-EE770EFE5B24}.Release|x64.Build.0 = Release|Any CPU
		{504852F4-314A-4107-8C88-EE770EFE5B24}.Release|x86.ActiveCfg = Release|Any CPU
		{504852F4-314A-4107-8C88-EE770EFE5B24}.Release|x86.Build.0 = Release|Any CPU
		{0DB72D6D-0F7D-4849-8A52-E639CE9EF59A}.Debug|Any CPU.ActiveCfg = Debug|Any CPU
		{0DB72D6D-0F7D-4849-8A52-E639CE9EF59A}.Debug|Any CPU.Build.0 = Debug|Any CPU
		{0DB72D6D-0F7D-4849-8A52-E639CE9EF59A}.Debug|x64.ActiveCfg = Debug|Any CPU
		{0DB72D6D-0F7D-4849-8A52-E639CE9EF59A}.Debug|x64.Build.0 = Debug|Any CPU
		{0DB72D6D-0F7D-4849-8A52-E639CE9EF59A}.Debug|x86.ActiveCfg = Debug|Any CPU
		{0DB72D6D-0F7D-4849-8A52-E639CE9EF59A}.Debug|x86.Build.0 = Debug|Any CPU
		{0DB72D6D-0F7D-4849-8A52-E639CE9EF59A}.Release|Any CPU.ActiveCfg = Release|Any CPU
		{0DB72D6D-0F7D-4849-8A52-E639CE9EF59A}.Release|Any CPU.Build.0 = Release|Any CPU
		{0DB72D6D-0F7D-4849-8A52-E639CE9EF59A}.Release|x64.ActiveCfg = Release|Any CPU
		{0DB72D6D-0F7D-4849-8A52-E639CE9EF59A}.Release|x64.Build.0 = Release|Any CPU
		{0DB72D6D-0F7D-4849-8A52-E639CE9EF59A}.Release|x86.ActiveCfg = Release|Any CPU
		{0DB72D6D-0F7D-4849-8A52-E639CE9EF59A}.Release|x86.Build.0 = Release|Any CPU
	EndGlobalSection
	GlobalSection(SolutionProperties) = preSolution
		HideSolutionNode = FALSE
	EndGlobalSection
	GlobalSection(NestedProjects) = preSolution
		{58B2D100-C640-48B4-B88A-6E91FABBD8CD} = {7187F738-4503-46F7-8D5F-8CA4EDF86DB9}
		{7E83A3E6-9FE8-4EA2-B601-94F976D7F22A} = {7187F738-4503-46F7-8D5F-8CA4EDF86DB9}
		{578D814F-13C5-4363-BA21-7CD856A79030} = {E856FC80-AC5F-47CD-84B5-DE0062F2B1EC}
		{028A9956-A595-4A5A-A248-9A46B7EFA920} = {E856FC80-AC5F-47CD-84B5-DE0062F2B1EC}
		{C9AE394C-06DF-4CA5-AD56-B9F5B4291B0A} = {E856FC80-AC5F-47CD-84B5-DE0062F2B1EC}
		{742029DD-952D-4168-9A52-D36BEABE30F9} = {E856FC80-AC5F-47CD-84B5-DE0062F2B1EC}
		{504852F4-314A-4107-8C88-EE770EFE5B24} = {E856FC80-AC5F-47CD-84B5-DE0062F2B1EC}
	EndGlobalSection
	GlobalSection(ExtensibilityGlobals) = postSolution
		SolutionGuid = {B623CCE3-9B2A-4C5C-8273-732C4E818A1D}
	EndGlobalSection
EndGlobal
